
Microsoft Visual Studio Solution File, Format Version 12.00
# Visual Studio Version 17
VisualStudioVersion = 17.7.34018.315
MinimumVisualStudioVersion = 10.0.40219.1
Project("{9A19103F-16F7-4668-BE54-9A1E7A4F7556}") = "Udlejningsmaskineoversigt", "Udlejningsmaskineoversigt\Udlejningsmaskineoversigt.csproj", "{3D4D3B7A-7F16-4702-BC4C-914B259A4774}"
EndProject
Project("{9A19103F-16F7-4668-BE54-9A1E7A4F7556}") = "Abstraction", "Abstraction\Abstraction.csproj", "{CAFB1F5B-1933-4C52-BC27-326275F66983}"
EndProject
Global
	GlobalSection(SolutionConfigurationPlatforms) = preSolution
		Debug|Any CPU = Debug|Any CPU
		Release|Any CPU = Release|Any CPU
	EndGlobalSection
	GlobalSection(ProjectConfigurationPlatforms) = postSolution
		{3D4D3B7A-7F16-4702-BC4C-914B259A4774}.Debug|Any CPU.ActiveCfg = Debug|Any CPU
		{3D4D3B7A-7F16-4702-BC4C-914B259A4774}.Debug|Any CPU.Build.0 = Debug|Any CPU
		{3D4D3B7A-7F16-4702-BC4C-914B259A4774}.Release|Any CPU.ActiveCfg = Release|Any CPU
		{3D4D3B7A-7F16-4702-BC4C-914B259A4774}.Release|Any CPU.Build.0 = Release|Any CPU
		{CAFB1F5B-1933-4C52-BC27-326275F66983}.Debug|Any CPU.ActiveCfg = Debug|Any CPU
		{CAFB1F5B-1933-4C52-BC27-326275F66983}.Debug|Any CPU.Build.0 = Debug|Any CPU
		{CAFB1F5B-1933-4C52-BC27-326275F66983}.Release|Any CPU.ActiveCfg = Release|Any CPU
		{CAFB1F5B-1933-4C52-BC27-326275F66983}.Release|Any CPU.Build.0 = Release|Any CPU
	EndGlobalSection
	GlobalSection(SolutionProperties) = preSolution
		HideSolutionNode = FALSE
	EndGlobalSection
	GlobalSection(ExtensibilityGlobals) = postSolution
		SolutionGuid = {D7625787-63C4-4306-B9BA-82034B67E86C}
	EndGlobalSection
EndGlobal
